{
  "name": "goplan-frontend",
  "version": "0.0.0",
  "lockfileVersion": 1,
  "requires": true,
  "dependencies": {
    "eslint-plugin-varspacing": {
      "version": "1.2.2",
      "resolved": "https://registry.npmjs.org/eslint-plugin-varspacing/-/eslint-plugin-varspacing-1.2.2.tgz",
      "integrity": "sha512-6rUZnwrsAReobbuZ71Hd89I6Ur87KxcPZBqbNpxNqPREAI08kh0r5M19fVgq/dS7iHXd0wsm/WYasprx9qdL7w==",
      "dev": true
    }
  }
}
